
Microsoft Visual Studio Solution File, Format Version 12.00
# Visual Studio Version 16
VisualStudioVersion = 16.0.31424.327
MinimumVisualStudioVersion = 10.0.40219.1
Project("{FAE04EC0-301F-11D3-BF4B-00C04F79EFBC}") = "LearningAspDotNetCoreMVC", "LearningAspDotNetCoreMVC.csproj", "{6460E3E4-80A8-4160-BD8C-B8E76800DCAC}"
EndProject
Global
	GlobalSection(SolutionConfigurationPlatforms) = preSolution
		Debug|Any CPU = Debug|Any CPU
		Release|Any CPU = Release|Any CPU
	EndGlobalSection
	GlobalSection(ProjectConfigurationPlatforms) = postSolution
		{6460E3E4-80A8-4160-BD8C-B8E76800DCAC}.Debug|Any CPU.ActiveCfg = Debug|Any CPU
		{6460E3E4-80A8-4160-BD8C-B8E76800DCAC}.Debug|Any CPU.Build.0 = Debug|Any CPU
		{6460E3E4-80A8-4160-BD8C-B8E76800DCAC}.Release|Any CPU.ActiveCfg = Release|Any CPU
		{6460E3E4-80A8-4160-BD8C-B8E76800DCAC}.Release|Any CPU.Build.0 = Release|Any CPU
	EndGlobalSection
	GlobalSection(SolutionProperties) = preSolution
		HideSolutionNode = FALSE
	EndGlobalSection
	GlobalSection(ExtensibilityGlobals) = postSolution
		SolutionGuid = {AA2A9DF0-17C0-4866-B293-9EEE18157714}
	EndGlobalSection
EndGlobal
